
Microsoft Visual Studio Solution File, Format Version 12.00
# Visual Studio Version 17
VisualStudioVersion = 17.4.33213.308
MinimumVisualStudioVersion = 10.0.40219.1
Project("{FAE04EC0-301F-11D3-BF4B-00C04F79EFBC}") = "StringCalculator", "StringCalculator\StringCalculator.csproj", "{5BF97DD9-E413-48D2-9D8B-AEE9D7609D18}"
EndProject
Project("{FAE04EC0-301F-11D3-BF4B-00C04F79EFBC}") = "StringCalculatorTests", "StringCalculatorTests\StringCalculatorTests.csproj", "{7AAC7898-A25F-428C-A2DE-2A2B8C96445C}"
EndProject
Global
	GlobalSection(SolutionConfigurationPlatforms) = preSolution
		Debug|Any CPU = Debug|Any CPU
		Release|Any CPU = Release|Any CPU
	EndGlobalSection
	GlobalSection(ProjectConfigurationPlatforms) = postSolution
		{5BF97DD9-E413-48D2-9D8B-AEE9D7609D18}.Debug|Any CPU.ActiveCfg = Debug|Any CPU
		{5BF97DD9-E413-48D2-9D8B-AEE9D7609D18}.Debug|Any CPU.Build.0 = Debug|Any CPU
		{5BF97DD9-E413-48D2-9D8B-AEE9D7609D18}.Release|Any CPU.ActiveCfg = Release|Any CPU
		{5BF97DD9-E413-48D2-9D8B-AEE9D7609D18}.Release|Any CPU.Build.0 = Release|Any CPU
		{7AAC7898-A25F-428C-A2DE-2A2B8C96445C}.Debug|Any CPU.ActiveCfg = Debug|Any CPU
		{7AAC7898-A25F-428C-A2DE-2A2B8C96445C}.Debug|Any CPU.Build.0 = Debug|Any CPU
		{7AAC7898-A25F-428C-A2DE-2A2B8C96445C}.Release|Any CPU.ActiveCfg = Release|Any CPU
		{7AAC7898-A25F-428C-A2DE-2A2B8C96445C}.Release|Any CPU.Build.0 = Release|Any CPU
	EndGlobalSection
	GlobalSection(SolutionProperties) = preSolution
		HideSolutionNode = FALSE
	EndGlobalSection
	GlobalSection(ExtensibilityGlobals) = postSolution
		SolutionGuid = {7C854F55-44FD-4DBD-8B89-9DBBD588B47B}
	EndGlobalSection
EndGlobal
